
Microsoft Visual Studio Solution File, Format Version 12.00
# Visual Studio Version 17
VisualStudioVersion = 17.12.35506.116
MinimumVisualStudioVersion = 10.0.40219.1
Project("{FAE04EC0-301F-11D3-BF4B-00C04F79EFBC}") = "DotnetMastery", "DotnetMastery\DotnetMastery.csproj", "{5191A08B-E4F3-4FC2-A971-0C777C58B016}"
EndProject
Project("{FAE04EC0-301F-11D3-BF4B-00C04F79EFBC}") = "DotnetMastery.DataAccess", "DotnetMastery.DataAccess\DotnetMastery.DataAccess.csproj", "{B80B23F3-35A2-461D-A609-D9618B91165F}"
EndProject
Project("{FAE04EC0-301F-11D3-BF4B-00C04F79EFBC}") = "DotnetMastery.Utility", "DotnetMastery.Utility\DotnetMastery.Utility.csproj", "{C2A00355-DA17-4FB1-B6FA-C0A8DAD3A03C}"
EndProject
Project("{FAE04EC0-301F-11D3-BF4B-00C04F79EFBC}") = "Dotnet.Models", "DotnetMastery.Models\Dotnet.Models.csproj", "{BFD5F731-DFEB-435E-898F-101924BD68FB}"
EndProject
Global
	GlobalSection(SolutionConfigurationPlatforms) = preSolution
		Debug|Any CPU = Debug|Any CPU
		Release|Any CPU = Release|Any CPU
	EndGlobalSection
	GlobalSection(ProjectConfigurationPlatforms) = postSolution
		{5191A08B-E4F3-4FC2-A971-0C777C58B016}.Debug|Any CPU.ActiveCfg = Debug|Any CPU
		{5191A08B-E4F3-4FC2-A971-0C777C58B016}.Debug|Any CPU.Build.0 = Debug|Any CPU
		{5191A08B-E4F3-4FC2-A971-0C777C58B016}.Release|Any CPU.ActiveCfg = Release|Any CPU
		{5191A08B-E4F3-4FC2-A971-0C777C58B016}.Release|Any CPU.Build.0 = Release|Any CPU
		{B80B23F3-35A2-461D-A609-D9618B91165F}.Debug|Any CPU.ActiveCfg = Debug|Any CPU
		{B80B23F3-35A2-461D-A609-D9618B91165F}.Debug|Any CPU.Build.0 = Debug|Any CPU
		{B80B23F3-35A2-461D-A609-D9618B91165F}.Release|Any CPU.ActiveCfg = Release|Any CPU
		{B80B23F3-35A2-461D-A609-D9618B91165F}.Release|Any CPU.Build.0 = Release|Any CPU
		{C2A00355-DA17-4FB1-B6FA-C0A8DAD3A03C}.Debug|Any CPU.ActiveCfg = Debug|Any CPU
		{C2A00355-DA17-4FB1-B6FA-C0A8DAD3A03C}.Debug|Any CPU.Build.0 = Debug|Any CPU
		{C2A00355-DA17-4FB1-B6FA-C0A8DAD3A03C}.Release|Any CPU.ActiveCfg = Release|Any CPU
		{C2A00355-DA17-4FB1-B6FA-C0A8DAD3A03C}.Release|Any CPU.Build.0 = Release|Any CPU
		{BFD5F731-DFEB-435E-898F-101924BD68FB}.Debug|Any CPU.ActiveCfg = Debug|Any CPU
		{BFD5F731-DFEB-435E-898F-101924BD68FB}.Debug|Any CPU.Build.0 = Debug|Any CPU
		{BFD5F731-DFEB-435E-898F-101924BD68FB}.Release|Any CPU.ActiveCfg = Release|Any CPU
		{BFD5F731-DFEB-435E-898F-101924BD68FB}.Release|Any CPU.Build.0 = Release|Any CPU
	EndGlobalSection
	GlobalSection(SolutionProperties) = preSolution
		HideSolutionNode = FALSE
	EndGlobalSection
EndGlobal
